
Microsoft Visual Studio Solution File, Format Version 12.00
# Visual Studio Version 16
VisualStudioVersion = 16.0.29613.14
MinimumVisualStudioVersion = 10.0.40219.1
Project("{FAE04EC0-301F-11D3-BF4B-00C04F79EFBC}") = "ConsoleApp6", "ConsoleApp6\ConsoleApp6.csproj", "{FE1E9D79-380A-46A0-9677-AAA224A51574}"
EndProject
Global
	GlobalSection(SolutionConfigurationPlatforms) = preSolution
		Debug|Any CPU = Debug|Any CPU
		Release|Any CPU = Release|Any CPU
	EndGlobalSection
	GlobalSection(ProjectConfigurationPlatforms) = postSolution
		{FE1E9D79-380A-46A0-9677-AAA224A51574}.Debug|Any CPU.ActiveCfg = Debug|Any CPU
		{FE1E9D79-380A-46A0-9677-AAA224A51574}.Debug|Any CPU.Build.0 = Debug|Any CPU
		{FE1E9D79-380A-46A0-9677-AAA224A51574}.Release|Any CPU.ActiveCfg = Release|Any CPU
		{FE1E9D79-380A-46A0-9677-AAA224A51574}.Release|Any CPU.Build.0 = Release|Any CPU
	EndGlobalSection
	GlobalSection(SolutionProperties) = preSolution
		HideSolutionNode = FALSE
	EndGlobalSection
	GlobalSection(ExtensibilityGlobals) = postSolution
		SolutionGuid = {D757CB5C-FB83-4F4D-85BF-024083BAAF63}
	EndGlobalSection
EndGlobal
